// !$*UTF8*$!
{
	archiveVersion = 1;
	classes = {
	};
	objectVersion = 56;
	objects = {

/* Begin PBXBuildFile section */
		DD4EBC752A120E350019C66F /* WeatherApp.swift in Sources */ = {isa = PBXBuildFile; fileRef = DD4EBC742A120E350019C66F /* WeatherApp.swift */; };
		DD4EBC772A120E350019C66F /* ContentView.swift in Sources */ = {isa = PBXBuildFile; fileRef = DD4EBC762A120E350019C66F /* ContentView.swift */; };
		DD4EBC792A120E370019C66F /* Assets.xcassets in Resources */ = {isa = PBXBuildFile; fileRef = DD4EBC782A120E370019C66F /* Assets.xcassets */; };
		DD4EBC7C2A120E370019C66F /* Preview Assets.xcassets in Resources */ = {isa = PBXBuildFile; fileRef = DD4EBC7B2A120E370019C66F /* Preview Assets.xcassets */; };
		DD4EBC882A120F270019C66F /* AppError.swift in Sources */ = {isa = PBXBuildFile; fileRef = DD4EBC872A120F270019C66F /* AppError.swift */; };
		DD4EBC8E2A12114B0019C66F /* Localizable.strings in Resources */ = {isa = PBXBuildFile; fileRef = DD4EBC8D2A12114B0019C66F /* Localizable.strings */; };
		DD4EBC902A1211810019C66F /* Constants.swift in Sources */ = {isa = PBXBuildFile; fileRef = DD4EBC8F2A1211810019C66F /* Constants.swift */; };
		DD4EBC992A1211E70019C66F /* CoordinateResponse.swift in Sources */ = {isa = PBXBuildFile; fileRef = DD4EBC982A1211E70019C66F /* CoordinateResponse.swift */; };
		DD4EBC9B2A1211FE0019C66F /* WeatherResponse.swift in Sources */ = {isa = PBXBuildFile; fileRef = DD4EBC9A2A1211FE0019C66F /* WeatherResponse.swift */; };
		DD4EBCA12A12124D0019C66F /* Coordinate.swift in Sources */ = {isa = PBXBuildFile; fileRef = DD4EBCA02A12124D0019C66F /* Coordinate.swift */; };
		DD4EBCA32A1212630019C66F /* Weather.swift in Sources */ = {isa = PBXBuildFile; fileRef = DD4EBCA22A1212630019C66F /* Weather.swift */; };
/* End PBXBuildFile section */

/* Begin PBXFileReference section */
		DD4EBC712A120E350019C66F /* Weather.app */ = {isa = PBXFileReference; explicitFileType = wrapper.application; includeInIndex = 0; path = Weather.app; sourceTree = BUILT_PRODUCTS_DIR; };
		DD4EBC742A120E350019C66F /* WeatherApp.swift */ = {isa = PBXFileReference; lastKnownFileType = sourcecode.swift; path = WeatherApp.swift; sourceTree = "<group>"; };
		DD4EBC762A120E350019C66F /* ContentView.swift */ = {isa = PBXFileReference; lastKnownFileType = sourcecode.swift; path = ContentView.swift; sourceTree = "<group>"; };
		DD4EBC782A120E370019C66F /* Assets.xcassets */ = {isa = PBXFileReference; lastKnownFileType = folder.assetcatalog; path = Assets.xcassets; sourceTree = "<group>"; };
		DD4EBC7B2A120E370019C66F /* Preview Assets.xcassets */ = {isa = PBXFileReference; lastKnownFileType = folder.assetcatalog; path = "Preview Assets.xcassets"; sourceTree = "<group>"; };
		DD4EBC872A120F270019C66F /* AppError.swift */ = {isa = PBXFileReference; lastKnownFileType = sourcecode.swift; path = AppError.swift; sourceTree = "<group>"; };
		DD4EBC8D2A12114B0019C66F /* Localizable.strings */ = {isa = PBXFileReference; lastKnownFileType = text.plist.strings; path = Localizable.strings; sourceTree = "<group>"; };
		DD4EBC8F2A1211810019C66F /* Constants.swift */ = {isa = PBXFileReference; lastKnownFileType = sourcecode.swift; path = Constants.swift; sourceTree = "<group>"; };
		DD4EBC982A1211E70019C66F /* CoordinateResponse.swift */ = {isa = PBXFileReference; lastKnownFileType = sourcecode.swift; path = CoordinateResponse.swift; sourceTree = "<group>"; };
		DD4EBC9A2A1211FE0019C66F /* WeatherResponse.swift */ = {isa = PBXFileReference; lastKnownFileType = sourcecode.swift; path = WeatherResponse.swift; sourceTree = "<group>"; };
		DD4EBCA02A12124D0019C66F /* Coordinate.swift */ = {isa = PBXFileReference; lastKnownFileType = sourcecode.swift; path = Coordinate.swift; sourceTree = "<group>"; };
		DD4EBCA22A1212630019C66F /* Weather.swift */ = {isa = PBXFileReference; lastKnownFileType = sourcecode.swift; path = Weather.swift; sourceTree = "<group>"; };
/* End PBXFileReference section */

/* Begin PBXFrameworksBuildPhase section */
		DD4EBC6E2A120E350019C66F /* Frameworks */ = {
			isa = PBXFrameworksBuildPhase;
			buildActionMask = 2147483647;
			files = (
			);
			runOnlyForDeploymentPostprocessing = 0;
		};
/* End PBXFrameworksBuildPhase section */

/* Begin PBXGroup section */
		DD4EBC682A120E350019C66F = {
			isa = PBXGroup;
			children = (
				DD4EBC732A120E350019C66F /* Weather */,
				DD4EBC722A120E350019C66F /* Products */,
			);
			sourceTree = "<group>";
		};
		DD4EBC722A120E350019C66F /* Products */ = {
			isa = PBXGroup;
			children = (
				DD4EBC712A120E350019C66F /* Weather.app */,
			);
			name = Products;
			sourceTree = "<group>";
		};
		DD4EBC732A120E350019C66F /* Weather */ = {
			isa = PBXGroup;
			children = (
				DD4EBC862A120F120019C66F /* Common */,
				DD4EBC852A120F0B0019C66F /* Data */,
				DD4EBC842A120F050019C66F /* Domain */,
				DD4EBC832A120EFA0019C66F /* Presentation */,
				DD4EBC782A120E370019C66F /* Assets.xcassets */,
				DD4EBC7A2A120E370019C66F /* Preview Content */,
			);
			path = Weather;
			sourceTree = "<group>";
		};
		DD4EBC7A2A120E370019C66F /* Preview Content */ = {
			isa = PBXGroup;
			children = (
				DD4EBC7B2A120E370019C66F /* Preview Assets.xcassets */,
			);
			path = "Preview Content";
			sourceTree = "<group>";
		};
		DD4EBC832A120EFA0019C66F /* Presentation */ = {
			isa = PBXGroup;
			children = (
				DD4EBCA62A12129C0019C66F /* Constants */,
				DD4EBCA72A1212ED0019C66F /* Models */,
				DD4EBCA82A1212F60019C66F /* Mappers */,
				DD4EBCA52A1212920019C66F /* Utils */,
				DD4EBCA42A1212870019C66F /* View */,
			);
			path = Presentation;
			sourceTree = "<group>";
		};
		DD4EBC842A120F050019C66F /* Domain */ = {
			isa = PBXGroup;
			children = (
				DD4EBC9F2A12123A0019C66F /* DI */,
				DD4EBC9E2A1212330019C66F /* Repository */,
				DD4EBC9D2A1212260019C66F /* UseCase */,
				DD4EBC9C2A12121D0019C66F /* Models */,
			);
			path = Domain;
			sourceTree = "<group>";
		};
		DD4EBC852A120F0B0019C66F /* Data */ = {
			isa = PBXGroup;
			children = (
				DD4EBC8F2A1211810019C66F /* Constants.swift */,
				DD4EBC972A1211CC0019C66F /* Models */,
				DD4EBC962A1211C40019C66F /* Mappers */,
				DD4EBC952A1211BE0019C66F /* DI */,
				DD4EBC942A1211B60019C66F /* Service */,
				DD4EBC932A1211AE0019C66F /* DataSource */,
				DD4EBC922A1211A30019C66F /* Repository */,
			);
			path = Data;
			sourceTree = "<group>";
		};
		DD4EBC862A120F120019C66F /* Common */ = {
			isa = PBXGroup;
			children = (
				DD4EBC872A120F270019C66F /* AppError.swift */,
				DD4EBC8D2A12114B0019C66F /* Localizable.strings */,
			);
			path = Common;
			sourceTree = "<group>";
		};
		DD4EBC922A1211A30019C66F /* Repository */ = {
			isa = PBXGroup;
			children = (
			);
			path = Repository;
			sourceTree = "<group>";
		};
		DD4EBC932A1211AE0019C66F /* DataSource */ = {
			isa = PBXGroup;
			children = (
			);
			path = DataSource;
			sourceTree = "<group>";
		};
		DD4EBC942A1211B60019C66F /* Service */ = {
			isa = PBXGroup;
			children = (
			);
			path = Service;
			sourceTree = "<group>";
		};
		DD4EBC952A1211BE0019C66F /* DI */ = {
			isa = PBXGroup;
			children = (
			);
			path = DI;
			sourceTree = "<group>";
		};
		DD4EBC962A1211C40019C66F /* Mappers */ = {
			isa = PBXGroup;
			children = (
			);
			path = Mappers;
			sourceTree = "<group>";
		};
		DD4EBC972A1211CC0019C66F /* Models */ = {
			isa = PBXGroup;
			children = (
				DD4EBC982A1211E70019C66F /* CoordinateResponse.swift */,
				DD4EBC9A2A1211FE0019C66F /* WeatherResponse.swift */,
			);
			path = Models;
			sourceTree = "<group>";
		};
		DD4EBC9C2A12121D0019C66F /* Models */ = {
			isa = PBXGroup;
			children = (
				DD4EBCA02A12124D0019C66F /* Coordinate.swift */,
				DD4EBCA22A1212630019C66F /* Weather.swift */,
			);
			path = Models;
			sourceTree = "<group>";
		};
		DD4EBC9D2A1212260019C66F /* UseCase */ = {
			isa = PBXGroup;
			children = (
			);
			path = UseCase;
			sourceTree = "<group>";
		};
		DD4EBC9E2A1212330019C66F /* Repository */ = {
			isa = PBXGroup;
			children = (
			);
			path = Repository;
			sourceTree = "<group>";
		};
		DD4EBC9F2A12123A0019C66F /* DI */ = {
			isa = PBXGroup;
			children = (
			);
			path = DI;
			sourceTree = "<group>";
		};
		DD4EBCA42A1212870019C66F /* View */ = {
			isa = PBXGroup;
			children = (
				DD4EBC742A120E350019C66F /* WeatherApp.swift */,
				DD4EBC762A120E350019C66F /* ContentView.swift */,
			);
			path = View;
			sourceTree = "<group>";
		};
		DD4EBCA52A1212920019C66F /* Utils */ = {
			isa = PBXGroup;
			children = (
			);
			path = Utils;
			sourceTree = "<group>";
		};
		DD4EBCA62A12129C0019C66F /* Constants */ = {
			isa = PBXGroup;
			children = (
			);
			path = Constants;
			sourceTree = "<group>";
		};
		DD4EBCA72A1212ED0019C66F /* Models */ = {
			isa = PBXGroup;
			children = (
			);
			path = Models;
			sourceTree = "<group>";
		};
		DD4EBCA82A1212F60019C66F /* Mappers */ = {
			isa = PBXGroup;
			children = (
			);
			path = Mappers;
			sourceTree = "<group>";
		};
/* End PBXGroup section */

/* Begin PBXNativeTarget section */
		DD4EBC702A120E350019C66F /* Weather */ = {
			isa = PBXNativeTarget;
			buildConfigurationList = DD4EBC7F2A120E370019C66F /* Build configuration list for PBXNativeTarget "Weather" */;
			buildPhases = (
				DD4EBC6D2A120E350019C66F /* Sources */,
				DD4EBC6E2A120E350019C66F /* Frameworks */,
				DD4EBC6F2A120E350019C66F /* Resources */,
			);
			buildRules = (
			);
			dependencies = (
			);
			name = Weather;
			productName = Weather;
			productReference = DD4EBC712A120E350019C66F /* Weather.app */;
			productType = "com.apple.product-type.application";
		};
/* End PBXNativeTarget section */

/* Begin PBXProject section */
		DD4EBC692A120E350019C66F /* Project object */ = {
			isa = PBXProject;
			attributes = {
				BuildIndependentTargetsInParallel = 1;
				LastSwiftUpdateCheck = 1430;
				LastUpgradeCheck = 1430;
				TargetAttributes = {
					DD4EBC702A120E350019C66F = {
						CreatedOnToolsVersion = 14.3;
					};
				};
			};
			buildConfigurationList = DD4EBC6C2A120E350019C66F /* Build configuration list for PBXProject "Weather" */;
			compatibilityVersion = "Xcode 14.0";
			developmentRegion = en;
			hasScannedForEncodings = 0;
			knownRegions = (
				en,
				Base,
				fr,
			);
			mainGroup = DD4EBC682A120E350019C66F;
			productRefGroup = DD4EBC722A120E350019C66F /* Products */;
			projectDirPath = "";
			projectRoot = "";
			targets = (
				DD4EBC702A120E350019C66F /* Weather */,
			);
		};
/* End PBXProject section */

/* Begin PBXResourcesBuildPhase section */
		DD4EBC6F2A120E350019C66F /* Resources */ = {
			isa = PBXResourcesBuildPhase;
			buildActionMask = 2147483647;
			files = (
				DD4EBC7C2A120E370019C66F /* Preview Assets.xcassets in Resources */,
				DD4EBC8E2A12114B0019C66F /* Localizable.strings in Resources */,
				DD4EBC792A120E370019C66F /* Assets.xcassets in Resources */,
			);
			runOnlyForDeploymentPostprocessing = 0;
		};
/* End PBXResourcesBuildPhase section */

/* Begin PBXSourcesBuildPhase section */
		DD4EBC6D2A120E350019C66F /* Sources */ = {
			isa = PBXSourcesBuildPhase;
			buildActionMask = 2147483647;
			files = (
				DD4EBCA32A1212630019C66F /* Weather.swift in Sources */,
				DD4EBCA12A12124D0019C66F /* Coordinate.swift in Sources */,
				DD4EBC772A120E350019C66F /* ContentView.swift in Sources */,
				DD4EBC9B2A1211FE0019C66F /* WeatherResponse.swift in Sources */,
				DD4EBC752A120E350019C66F /* WeatherApp.swift in Sources */,
				DD4EBC882A120F270019C66F /* AppError.swift in Sources */,
				DD4EBC902A1211810019C66F /* Constants.swift in Sources */,
				DD4EBC992A1211E70019C66F /* CoordinateResponse.swift in Sources */,
			);
			runOnlyForDeploymentPostprocessing = 0;
		};
/* End PBXSourcesBuildPhase section */

/* Begin XCBuildConfiguration section */
		DD4EBC7D2A120E370019C66F /* Debug */ = {
			isa = XCBuildConfiguration;
			buildSettings = {
				ALWAYS_SEARCH_USER_PATHS = NO;
				CLANG_ANALYZER_NONNULL = YES;
				CLANG_ANALYZER_NUMBER_OBJECT_CONVERSION = YES_AGGRESSIVE;
				CLANG_CXX_LANGUAGE_STANDARD = "gnu++20";
				CLANG_ENABLE_MODULES = YES;
				CLANG_ENABLE_OBJC_ARC = YES;
				CLANG_ENABLE_OBJC_WEAK = YES;
				CLANG_WARN_BLOCK_CAPTURE_AUTORELEASING = YES;
				CLANG_WARN_BOOL_CONVERSION = YES;
				CLANG_WARN_COMMA = YES;
				CLANG_WARN_CONSTANT_CONVERSION = YES;
				CLANG_WARN_DEPRECATED_OBJC_IMPLEMENTATIONS = YES;
				CLANG_WARN_DIRECT_OBJC_ISA_USAGE = YES_ERROR;
				CLANG_WARN_DOCUMENTATION_COMMENTS = YES;
				CLANG_WARN_EMPTY_BODY = YES;
				CLANG_WARN_ENUM_CONVERSION = YES;
				CLANG_WARN_INFINITE_RECURSION = YES;
				CLANG_WARN_INT_CONVERSION = YES;
				CLANG_WARN_NON_LITERAL_NULL_CONVERSION = YES;
				CLANG_WARN_OBJC_IMPLICIT_RETAIN_SELF = YES;
				CLANG_WARN_OBJC_LITERAL_CONVERSION = YES;
				CLANG_WARN_OBJC_ROOT_CLASS = YES_ERROR;
				CLANG_WARN_QUOTED_INCLUDE_IN_FRAMEWORK_HEADER = YES;
				CLANG_WARN_RANGE_LOOP_ANALYSIS = YES;
				CLANG_WARN_STRICT_PROTOTYPES = YES;
				CLANG_WARN_SUSPICIOUS_MOVE = YES;
				CLANG_WARN_UNGUARDED_AVAILABILITY = YES_AGGRESSIVE;
				CLANG_WARN_UNREACHABLE_CODE = YES;
				CLANG_WARN__DUPLICATE_METHOD_MATCH = YES;
				COPY_PHASE_STRIP = NO;
				DEBUG_INFORMATION_FORMAT = dwarf;
				ENABLE_STRICT_OBJC_MSGSEND = YES;
				ENABLE_TESTABILITY = YES;
				GCC_C_LANGUAGE_STANDARD = gnu11;
				GCC_DYNAMIC_NO_PIC = NO;
				GCC_NO_COMMON_BLOCKS = YES;
				GCC_OPTIMIZATION_LEVEL = 0;
				GCC_PREPROCESSOR_DEFINITIONS = (
					"DEBUG=1",
					"$(inherited)",
				);
				GCC_WARN_64_TO_32_BIT_CONVERSION = YES;
				GCC_WARN_ABOUT_RETURN_TYPE = YES_ERROR;
				GCC_WARN_UNDECLARED_SELECTOR = YES;
				GCC_WARN_UNINITIALIZED_AUTOS = YES_AGGRESSIVE;
				GCC_WARN_UNUSED_FUNCTION = YES;
				GCC_WARN_UNUSED_VARIABLE = YES;
				IPHONEOS_DEPLOYMENT_TARGET = 16.4;
				MTL_ENABLE_DEBUG_INFO = INCLUDE_SOURCE;
				MTL_FAST_MATH = YES;
				ONLY_ACTIVE_ARCH = YES;
				SDKROOT = iphoneos;
				SWIFT_ACTIVE_COMPILATION_CONDITIONS = DEBUG;
				SWIFT_OPTIMIZATION_LEVEL = "-Onone";
			};
			name = Debug;
		};
		DD4EBC7E2A120E370019C66F /* Release */ = {
			isa = XCBuildConfiguration;
			buildSettings = {
				ALWAYS_SEARCH_USER_PATHS = NO;
				CLANG_ANALYZER_NONNULL = YES;
				CLANG_ANALYZER_NUMBER_OBJECT_CONVERSION = YES_AGGRESSIVE;
				CLANG_CXX_LANGUAGE_STANDARD = "gnu++20";
				CLANG_ENABLE_MODULES = YES;
				CLANG_ENABLE_OBJC_ARC = YES;
				CLANG_ENABLE_OBJC_WEAK = YES;
				CLANG_WARN_BLOCK_CAPTURE_AUTORELEASING = YES;
				CLANG_WARN_BOOL_CONVERSION = YES;
				CLANG_WARN_COMMA = YES;
				CLANG_WARN_CONSTANT_CONVERSION = YES;
				CLANG_WARN_DEPRECATED_OBJC_IMPLEMENTATIONS = YES;
				CLANG_WARN_DIRECT_OBJC_ISA_USAGE = YES_ERROR;
				CLANG_WARN_DOCUMENTATION_COMMENTS = YES;
				CLANG_WARN_EMPTY_BODY = YES;
				CLANG_WARN_ENUM_CONVERSION = YES;
				CLANG_WARN_INFINITE_RECURSION = YES;
				CLANG_WARN_INT_CONVERSION = YES;
				CLANG_WARN_NON_LITERAL_NULL_CONVERSION = YES;
				CLANG_WARN_OBJC_IMPLICIT_RETAIN_SELF = YES;
				CLANG_WARN_OBJC_LITERAL_CONVERSION = YES;
				CLANG_WARN_OBJC_ROOT_CLASS = YES_ERROR;
				CLANG_WARN_QUOTED_INCLUDE_IN_FRAMEWORK_HEADER = YES;
				CLANG_WARN_RANGE_LOOP_ANALYSIS = YES;
				CLANG_WARN_STRICT_PROTOTYPES = YES;
				CLANG_WARN_SUSPICIOUS_MOVE = YES;
				CLANG_WARN_UNGUARDED_AVAILABILITY = YES_AGGRESSIVE;
				CLANG_WARN_UNREACHABLE_CODE = YES;
				CLANG_WARN__DUPLICATE_METHOD_MATCH = YES;
				COPY_PHASE_STRIP = NO;
				DEBUG_INFORMATION_FORMAT = "dwarf-with-dsym";
				ENABLE_NS_ASSERTIONS = NO;
				ENABLE_STRICT_OBJC_MSGSEND = YES;
				GCC_C_LANGUAGE_STANDARD = gnu11;
				GCC_NO_COMMON_BLOCKS = YES;
				GCC_WARN_64_TO_32_BIT_CONVERSION = YES;
				GCC_WARN_ABOUT_RETURN_TYPE = YES_ERROR;
				GCC_WARN_UNDECLARED_SELECTOR = YES;
				GCC_WARN_UNINITIALIZED_AUTOS = YES_AGGRESSIVE;
				GCC_WARN_UNUSED_FUNCTION = YES;
				GCC_WARN_UNUSED_VARIABLE = YES;
				IPHONEOS_DEPLOYMENT_TARGET = 16.4;
				MTL_ENABLE_DEBUG_INFO = NO;
				MTL_FAST_MATH = YES;
				SDKROOT = iphoneos;
				SWIFT_COMPILATION_MODE = wholemodule;
				SWIFT_OPTIMIZATION_LEVEL = "-O";
				VALIDATE_PRODUCT = YES;
			};
			name = Release;
		};
		DD4EBC802A120E370019C66F /* Debug */ = {
			isa = XCBuildConfiguration;
			buildSettings = {
				ASSETCATALOG_COMPILER_APPICON_NAME = AppIcon;
				ASSETCATALOG_COMPILER_GLOBAL_ACCENT_COLOR_NAME = AccentColor;
				CODE_SIGN_STYLE = Automatic;
				CURRENT_PROJECT_VERSION = 1;
				DEVELOPMENT_ASSET_PATHS = "\"Weather/Preview Content\"";
				DEVELOPMENT_TEAM = 87J65PF6V5;
				ENABLE_PREVIEWS = YES;
				GENERATE_INFOPLIST_FILE = YES;
				INFOPLIST_KEY_UIApplicationSceneManifest_Generation = YES;
				INFOPLIST_KEY_UIApplicationSupportsIndirectInputEvents = YES;
				INFOPLIST_KEY_UILaunchScreen_Generation = YES;
				INFOPLIST_KEY_UISupportedInterfaceOrientations_iPad = "UIInterfaceOrientationPortrait UIInterfaceOrientationPortraitUpsideDown UIInterfaceOrientationLandscapeLeft UIInterfaceOrientationLandscapeRight";
				INFOPLIST_KEY_UISupportedInterfaceOrientations_iPhone = "UIInterfaceOrientationPortrait UIInterfaceOrientationLandscapeLeft UIInterfaceOrientationLandscapeRight";
				LD_RUNPATH_SEARCH_PATHS = (
					"$(inherited)",
					"@executable_path/Frameworks",
				);
				MARKETING_VERSION = 1.0;
				PRODUCT_BUNDLE_IDENTIFIER = MaedehD.Weather;
				PRODUCT_NAME = "$(TARGET_NAME)";
				SWIFT_EMIT_LOC_STRINGS = YES;
				SWIFT_VERSION = 5.0;
				TARGETED_DEVICE_FAMILY = "1,2";
			};
			name = Debug;
		};
		DD4EBC812A120E370019C66F /* Release */ = {
			isa = XCBuildConfiguration;
			buildSettings = {
				ASSETCATALOG_COMPILER_APPICON_NAME = AppIcon;
				ASSETCATALOG_COMPILER_GLOBAL_ACCENT_COLOR_NAME = AccentColor;
				CODE_SIGN_STYLE = Automatic;
				CURRENT_PROJECT_VERSION = 1;
				DEVELOPMENT_ASSET_PATHS = "\"Weather/Preview Content\"";
				DEVELOPMENT_TEAM = 87J65PF6V5;
				ENABLE_PREVIEWS = YES;
				GENERATE_INFOPLIST_FILE = YES;
				INFOPLIST_KEY_UIApplicationSceneManifest_Generation = YES;
				INFOPLIST_KEY_UIApplicationSupportsIndirectInputEvents = YES;
				INFOPLIST_KEY_UILaunchScreen_Generation = YES;
				INFOPLIST_KEY_UISupportedInterfaceOrientations_iPad = "UIInterfaceOrientationPortrait UIInterfaceOrientationPortraitUpsideDown UIInterfaceOrientationLandscapeLeft UIInterfaceOrientationLandscapeRight";
				INFOPLIST_KEY_UISupportedInterfaceOrientations_iPhone = "UIInterfaceOrientationPortrait UIInterfaceOrientationLandscapeLeft UIInterfaceOrientationLandscapeRight";
				LD_RUNPATH_SEARCH_PATHS = (
					"$(inherited)",
					"@executable_path/Frameworks",
				);
				MARKETING_VERSION = 1.0;
				PRODUCT_BUNDLE_IDENTIFIER = MaedehD.Weather;
				PRODUCT_NAME = "$(TARGET_NAME)";
				SWIFT_EMIT_LOC_STRINGS = YES;
				SWIFT_VERSION = 5.0;
				TARGETED_DEVICE_FAMILY = "1,2";
			};
			name = Release;
		};
/* End XCBuildConfiguration section */

/* Begin XCConfigurationList section */
		DD4EBC6C2A120E350019C66F /* Build configuration list for PBXProject "Weather" */ = {
			isa = XCConfigurationList;
			buildConfigurations = (
				DD4EBC7D2A120E370019C66F /* Debug */,
				DD4EBC7E2A120E370019C66F /* Release */,
			);
			defaultConfigurationIsVisible = 0;
			defaultConfigurationName = Release;
		};
		DD4EBC7F2A120E370019C66F /* Build configuration list for PBXNativeTarget "Weather" */ = {
			isa = XCConfigurationList;
			buildConfigurations = (
				DD4EBC802A120E370019C66F /* Debug */,
				DD4EBC812A120E370019C66F /* Release */,
			);
			defaultConfigurationIsVisible = 0;
			defaultConfigurationName = Release;
		};
/* End XCConfigurationList section */
	};
	rootObject = DD4EBC692A120E350019C66F /* Project object */;
}
